
Microsoft Visual Studio Solution File, Format Version 12.00
# Visual Studio Version 17
VisualStudioVersion = 17.13.35931.197 d17.13
MinimumVisualStudioVersion = 10.0.40219.1
Project("{FAE04EC0-301F-11D3-BF4B-00C04F79EFBC}") = "Trafik-Cezasi-Yonetimi", "Trafik-Cezasi-Yonetimi.csproj", "{E0D55E0D-2D1E-4E8A-A91D-B0D6379C370E}"
EndProject
Global
	GlobalSection(SolutionConfigurationPlatforms) = preSolution
		Debug|Any CPU = Debug|Any CPU
		Release|Any CPU = Release|Any CPU
	EndGlobalSection
	GlobalSection(ProjectConfigurationPlatforms) = postSolution
		{E0D55E0D-2D1E-4E8A-A91D-B0D6379C370E}.Debug|Any CPU.ActiveCfg = Debug|Any CPU
		{E0D55E0D-2D1E-4E8A-A91D-B0D6379C370E}.Debug|Any CPU.Build.0 = Debug|Any CPU
		{E0D55E0D-2D1E-4E8A-A91D-B0D6379C370E}.Release|Any CPU.ActiveCfg = Release|Any CPU
		{E0D55E0D-2D1E-4E8A-A91D-B0D6379C370E}.Release|Any CPU.Build.0 = Release|Any CPU
	EndGlobalSection
	GlobalSection(SolutionProperties) = preSolution
		HideSolutionNode = FALSE
	EndGlobalSection
	GlobalSection(ExtensibilityGlobals) = postSolution
		SolutionGuid = {BE9A5A0F-BCFC-40E8-AB8E-D251EEFF7582}
	EndGlobalSection
EndGlobal
